
Microsoft Visual Studio Solution File, Format Version 12.00
# Visual Studio Version 17
VisualStudioVersion = 17.0.31903.59
MinimumVisualStudioVersion = 10.0.40219.1
Project("{9A19103F-16F7-4668-BE54-9A1E7A4F7556}") = "GarciaCore.ORM", "src\GarciaCore.ORM\GarciaCore.ORM.csproj", "{9C0E97BF-1AD7-4738-A678-4397C7D7164D}"
EndProject
Project("{9A19103F-16F7-4668-BE54-9A1E7A4F7556}") = "GarciaCore.Infrastructure", "src\GarciaCore.Infrastructure\GarciaCore.Infrastructure.csproj", "{9D55FE1B-20CF-4579-8747-352CD2E1DBA5}"
EndProject
Project("{9A19103F-16F7-4668-BE54-9A1E7A4F7556}") = "GarciaCore.Domain", "GarciaCore.Domain\GarciaCore.Domain.csproj", "{BD2F2F1C-9B76-4552-81FB-E441EE142AA9}"
EndProject
Project("{FAE04EC0-301F-11D3-BF4B-00C04F79EFBC}") = "GarciaCore.Persistence", "GarciaCore.Persistence\GarciaCore.Persistence.csproj", "{910268B2-274A-4728-ACA6-44327C537703}"
EndProject
Project("{FAE04EC0-301F-11D3-BF4B-00C04F79EFBC}") = "GarciaCore.EntityFramework", "GarciaCore.EntityFramework\GarciaCore.EntityFramework.csproj", "{866D0536-6B02-4449-994B-9B0BB9944198}"
EndProject
Global
	GlobalSection(SolutionConfigurationPlatforms) = preSolution
		Debug|Any CPU = Debug|Any CPU
		Release|Any CPU = Release|Any CPU
	EndGlobalSection
	GlobalSection(ProjectConfigurationPlatforms) = postSolution
		{9C0E97BF-1AD7-4738-A678-4397C7D7164D}.Debug|Any CPU.ActiveCfg = Debug|Any CPU
		{9C0E97BF-1AD7-4738-A678-4397C7D7164D}.Debug|Any CPU.Build.0 = Debug|Any CPU
		{9C0E97BF-1AD7-4738-A678-4397C7D7164D}.Release|Any CPU.ActiveCfg = Release|Any CPU
		{9C0E97BF-1AD7-4738-A678-4397C7D7164D}.Release|Any CPU.Build.0 = Release|Any CPU
		{9D55FE1B-20CF-4579-8747-352CD2E1DBA5}.Debug|Any CPU.ActiveCfg = Debug|Any CPU
		{9D55FE1B-20CF-4579-8747-352CD2E1DBA5}.Debug|Any CPU.Build.0 = Debug|Any CPU
		{9D55FE1B-20CF-4579-8747-352CD2E1DBA5}.Release|Any CPU.ActiveCfg = Release|Any CPU
		{9D55FE1B-20CF-4579-8747-352CD2E1DBA5}.Release|Any CPU.Build.0 = Release|Any CPU
		{BD2F2F1C-9B76-4552-81FB-E441EE142AA9}.Debug|Any CPU.ActiveCfg = Debug|Any CPU
		{BD2F2F1C-9B76-4552-81FB-E441EE142AA9}.Debug|Any CPU.Build.0 = Debug|Any CPU
		{BD2F2F1C-9B76-4552-81FB-E441EE142AA9}.Release|Any CPU.ActiveCfg = Release|Any CPU
		{BD2F2F1C-9B76-4552-81FB-E441EE142AA9}.Release|Any CPU.Build.0 = Release|Any CPU
		{910268B2-274A-4728-ACA6-44327C537703}.Debug|Any CPU.ActiveCfg = Debug|Any CPU
		{910268B2-274A-4728-ACA6-44327C537703}.Debug|Any CPU.Build.0 = Debug|Any CPU
		{910268B2-274A-4728-ACA6-44327C537703}.Release|Any CPU.ActiveCfg = Release|Any CPU
		{910268B2-274A-4728-ACA6-44327C537703}.Release|Any CPU.Build.0 = Release|Any CPU
		{866D0536-6B02-4449-994B-9B0BB9944198}.Debug|Any CPU.ActiveCfg = Debug|Any CPU
		{866D0536-6B02-4449-994B-9B0BB9944198}.Debug|Any CPU.Build.0 = Debug|Any CPU
		{866D0536-6B02-4449-994B-9B0BB9944198}.Release|Any CPU.ActiveCfg = Release|Any CPU
		{866D0536-6B02-4449-994B-9B0BB9944198}.Release|Any CPU.Build.0 = Release|Any CPU
	EndGlobalSection
	GlobalSection(SolutionProperties) = preSolution
		HideSolutionNode = FALSE
	EndGlobalSection
	GlobalSection(ExtensibilityGlobals) = postSolution
		SolutionGuid = {3255BD7C-849F-4F0F-B86D-5A266B1F50B6}
	EndGlobalSection
EndGlobal
