
Microsoft Visual Studio Solution File, Format Version 12.00
# Visual Studio Version 17
VisualStudioVersion = 17.0.32112.339
MinimumVisualStudioVersion = 10.0.40219.1
Project("{9A19103F-16F7-4668-BE54-9A1E7A4F7556}") = "GarciaCore.Persistence.ORM", "src\GarciaCore.Persistence.ORM\GarciaCore.Persistence.ORM.csproj", "{9C0E97BF-1AD7-4738-A678-4397C7D7164D}"
EndProject
Project("{9A19103F-16F7-4668-BE54-9A1E7A4F7556}") = "GarciaCore.Infrastructure", "src\GarciaCore.Infrastructure\GarciaCore.Infrastructure.csproj", "{9D55FE1B-20CF-4579-8747-352CD2E1DBA5}"
EndProject
Project("{9A19103F-16F7-4668-BE54-9A1E7A4F7556}") = "GarciaCore.Domain", "src\GarciaCore.Domain\GarciaCore.Domain.csproj", "{BD2F2F1C-9B76-4552-81FB-E441EE142AA9}"
EndProject
Project("{9A19103F-16F7-4668-BE54-9A1E7A4F7556}") = "GarciaCore.Persistence", "src\GarciaCore.Persistence\GarciaCore.Persistence.csproj", "{910268B2-274A-4728-ACA6-44327C537703}"
EndProject
Project("{9A19103F-16F7-4668-BE54-9A1E7A4F7556}") = "GarciaCore.Persistence.EntityFramework", "src\GarciaCore.Persistence.EntityFramework\GarciaCore.Persistence.EntityFramework.csproj", "{866D0536-6B02-4449-994B-9B0BB9944198}"
EndProject
Project("{9A19103F-16F7-4668-BE54-9A1E7A4F7556}") = "GarciaCore.Cli", "src\GarciaCore.Cli\GarciaCore.Cli.csproj", "{5FD5A822-C575-4E18-BFF5-56AE8796A44E}"
EndProject
Project("{9A19103F-16F7-4668-BE54-9A1E7A4F7556}") = "GarciaCore.Persistence.Tests", "tests\GarciaCore.Persistence.Tests\GarciaCore.Persistence.Tests.csproj", "{9941660D-F8D2-49E0-A1C5-0AC467A51515}"
EndProject
Project("{9A19103F-16F7-4668-BE54-9A1E7A4F7556}") = "GarciaCore.Application", "src\GarciaCore.Application\GarciaCore.Application.csproj", "{0F33B788-4300-4B3B-B2C7-5D4F510F3614}"
EndProject
Project("{9A19103F-16F7-4668-BE54-9A1E7A4F7556}") = "GarciaCore.CodeGenerator", "src\GarciaCore.CodeGenerator\GarciaCore.CodeGenerator.csproj", "{F98E4397-B2FA-4CD8-9B96-22D50439E2AB}"
EndProject
Project("{9A19103F-16F7-4668-BE54-9A1E7A4F7556}") = "GarciaCore", "src\GarciaCore\GarciaCore.csproj", "{36833DDB-306C-4DA7-96FA-10644C8B9F30}"
EndProject
Project("{9A19103F-16F7-4668-BE54-9A1E7A4F7556}") = "GarciaCore.Infrastructure.Api", "src\GarciaCore.Infrastructure.Api\GarciaCore.Infrastructure.Api.csproj", "{DF730A51-E80D-4808-9CAA-FD18FA5B478A}"
EndProject
Project("{9A19103F-16F7-4668-BE54-9A1E7A4F7556}") = "GarciaCore.Domain.MongoDb", "src\GarciaCore.Domain.MongoDb\GarciaCore.Domain.MongoDb.csproj", "{D78F0971-61CB-409A-9697-3BFC3F6004EF}"
EndProject
Project("{9A19103F-16F7-4668-BE54-9A1E7A4F7556}") = "GarciaCore.Persistence.MongoDb", "src\GarciaCore.Persistence.MongoDb\GarciaCore.Persistence.MongoDb.csproj", "{28AE0814-8D74-4AF5-BB63-41C0C533F0F2}"
EndProject
Project("{9A19103F-16F7-4668-BE54-9A1E7A4F7556}") = "GarciaCore.Infrastructure.MongoDb", "src\GarciaCore.Infrastructure.MongoDb\GarciaCore.Infrastructure.MongoDb.csproj", "{AA587E43-1BFC-4F4C-9976-1D585986CAC0}"
EndProject
Project("{9A19103F-16F7-4668-BE54-9A1E7A4F7556}") = "GarciaCore.Infrastructure.Redis", "src\GarciaCore.Infrastructure.Redis\GarciaCore.Infrastructure.Redis.csproj", "{A37E03B1-D744-43E4-B4C2-E8DC5BD6AF28}"
EndProject
Project("{9A19103F-16F7-4668-BE54-9A1E7A4F7556}") = "GarciaCore.Persistence.Redis", "src\GarciaCore.Persistence.Redis\GarciaCore.Persistence.Redis.csproj", "{49D653E1-F0B3-4239-8DF8-B1DD347CEF7D}"
EndProject
Project("{9A19103F-16F7-4668-BE54-9A1E7A4F7556}") = "GarciaCore.Exceptions.Redis", "src\GarciaCore.Exceptions.Redis\GarciaCore.Exceptions.Redis.csproj", "{9107FEE0-067B-4C2D-87B5-E64594B430BB}"
EndProject
Project("{9A19103F-16F7-4668-BE54-9A1E7A4F7556}") = "GarciaCore.Infrastructure.Tests", "tests\GarciaCore.Infrastructure.Tests\GarciaCore.Infrastructure.Tests.csproj", "{B64CFF5F-381C-4D23-A974-8BBDCFCD6428}"
EndProject
Project("{9A19103F-16F7-4668-BE54-9A1E7A4F7556}") = "GarciaCore.Application.MongoDb", "src\GarciaCore.Application.MongoDb\GarciaCore.Application.MongoDb.csproj", "{C111646A-0892-471E-BF55-AFC7E81E8A43}"
EndProject
Project("{9A19103F-16F7-4668-BE54-9A1E7A4F7556}") = "GarciaCore.Application.Redis", "src\GarciaCore.Application.Redis\GarciaCore.Application.Redis.csproj", "{5EE638E9-AA7A-45CE-B4E5-5E9723C181BE}"
EndProject
Project("{9A19103F-16F7-4668-BE54-9A1E7A4F7556}") = "GarciaCore.CodeGenerator.Tests", "tests\GarciaCore.CodeGenerator.Tests\GarciaCore.CodeGenerator.Tests.csproj", "{063152EF-E163-4CED-9149-D771D2E704B9}"
EndProject
Project("{9A19103F-16F7-4668-BE54-9A1E7A4F7556}") = "GarciaCore.Persistence.EntityFramework.SqlServer", "src\GarciaCore.Persistence.EntityFramework.SqlServer\GarciaCore.Persistence.EntityFramework.SqlServer.csproj", "{A8EDF73D-7FDE-4B19-A69B-EB858A0BF55C}"
EndProject
Project("{9A19103F-16F7-4668-BE54-9A1E7A4F7556}") = "GarciaCore.Persistence.EntityFramework.PostgreSql", "src\GarciaCore.Persistence.EntityFramework.PostgreSQL\GarciaCore.Persistence.EntityFramework.PostgreSql.csproj", "{F7B9CFE9-8EC8-4E2C-8A5C-D6E1E1F20D37}"
EndProject
Project("{9A19103F-16F7-4668-BE54-9A1E7A4F7556}") = "GarciaCore.Persistence.EntityFramework.MySql", "src\GarciaCore.Persistence.EntityFramework.MySql\GarciaCore.Persistence.EntityFramework.MySql.csproj", "{1A8D3C60-4E63-4CD6-8B64-A2E9AF1B97BE}"
EndProject
Project("{2150E333-8FDC-42A3-9474-1A3956D46DE8}") = "src", "src", "{087C542F-855C-47ED-96C8-9D088E416ED2}"
EndProject
Project("{2150E333-8FDC-42A3-9474-1A3956D46DE8}") = "test", "test", "{D9DB56ED-BA04-4098-ADFC-63415E4E6C4E}"
EndProject
Project("{2150E333-8FDC-42A3-9474-1A3956D46DE8}") = "unit", "unit", "{0E922C1D-C0D6-4FCC-B5DE-1BA1AF5F0DA6}"
EndProject
Project("{9A19103F-16F7-4668-BE54-9A1E7A4F7556}") = "GarciaCore.Cli.Tests", "tests\unit\GarciaCore.Cli.Tests\GarciaCore.Cli.Tests.csproj", "{D465F0CD-B084-4C9D-AB60-E7B81A442A63}"
EndProject
Project("{9A19103F-16F7-4668-BE54-9A1E7A4F7556}") = "GarciaCore.Application.Tests", "tests\unit\GarciaCore.Application.Tests\GarciaCore.Application.Tests.csproj", "{390B015B-2CCC-43DB-BA6F-3B8930F2D578}"
EndProject
Project("{9A19103F-16F7-4668-BE54-9A1E7A4F7556}") = "GarciaCore.Test.Utils", "src\GarciaCore.Test.Utils\GarciaCore.Test.Utils.csproj", "{E15A7933-73A4-4D77-AC90-3EAE0601A98A}"
EndProject
Project("{9A19103F-16F7-4668-BE54-9A1E7A4F7556}") = "GarciaCore.Domain.Tests", "tests\unit\GarciaCore.Domain.Tests\GarciaCore.Domain.Tests.csproj", "{835890B7-1DED-4ACE-B413-69736B2BC6D4}"
EndProject
Project("{9A19103F-16F7-4668-BE54-9A1E7A4F7556}") = "GarciaCore.Domain.Identity", "src\GarciaCore.Domain.Identity\GarciaCore.Domain.Identity.csproj", "{D1F359B3-2616-40D5-B45F-BBE3E0F4BCAB}"
EndProject
Project("{9A19103F-16F7-4668-BE54-9A1E7A4F7556}") = "GarciaCore.Infrastructure.Identity", "src\GarciaCore.Infrastructure.Identity\GarciaCore.Infrastructure.Identity.csproj", "{E531BBCB-5FE0-4CED-8296-5352C082FEFB}"
EndProject
Project("{9A19103F-16F7-4668-BE54-9A1E7A4F7556}") = "GarciaCore.Application.RabbitMQ", "src\GarciaCore.Application.RabbitMQ\GarciaCore.Application.RabbitMQ.csproj", "{0CBF4FEB-E09E-4966-B4E4-F64649F80B55}"
EndProject
Project("{9A19103F-16F7-4668-BE54-9A1E7A4F7556}") = "GarciaCore.Infrastructure.RabbitMQ", "src\GarciaCore.Infrastructure.RabbitMQ\GarciaCore.Infrastructure.RabbitMQ.csproj", "{59B33B20-B995-47B6-8129-340EA602DE8C}"
EndProject
Project("{9A19103F-16F7-4668-BE54-9A1E7A4F7556}") = "GarciaCore.TestApi", "src\GarciaCore.TestApi\GarciaCore.TestApi.csproj", "{87438282-6333-40CF-A98F-7EB29DB04452}"
EndProject
Project("{9A19103F-16F7-4668-BE54-9A1E7A4F7556}") = "GarciaCore.Infrastructure.Email.Mandrill", "src\GarciaCore.Infrastructure.Email.Mandrill\GarciaCore.Infrastructure.Email.Mandrill.csproj", "{22F46715-48CC-4340-B80B-2EE8CA0BB998}"
EndProject
Project("{9A19103F-16F7-4668-BE54-9A1E7A4F7556}") = "GarciaCore.Infrastructure.Marketing.MailChimp", "src\GarciaCore.Infrastructure.Marketing.MailChimp\GarciaCore.Infrastructure.Marketing.MailChimp.csproj", "{E689D7EB-4EFE-4F60-9AD0-B92609D66003}"
EndProject
Project("{9A19103F-16F7-4668-BE54-9A1E7A4F7556}") = "GarciaCore.Infrastructure.FileUpload.AmazonS3", "src\GarciaCore.Infrastructure.FileUpload.AmazonS3\GarciaCore.Infrastructure.FileUpload.AmazonS3.csproj", "{0B812A3D-8BF7-40F4-B49C-AA4A4C16D5B3}"
EndProject
Project("{9A19103F-16F7-4668-BE54-9A1E7A4F7556}") = "GarciaCore.Infrastructure.FileUpload.Local", "src\GarciaCore.Infrastructure.FileUpload.Local\GarciaCore.Infrastructure.FileUpload.Local.csproj", "{3704E7E6-C2DC-4BA9-A1C0-4EE3F0802EDC}"
EndProject
Project("{9A19103F-16F7-4668-BE54-9A1E7A4F7556}") = "GarciaCore.Infrastructure.PushNotification.Firebase", "src\GarciaCore.Infrastructure.PushNotification.Firebase\GarciaCore.Infrastructure.PushNotification.Firebase.csproj", "{CB237DED-1E40-4FFE-AD84-7C35AEB24E5E}"
EndProject
Project("{FAE04EC0-301F-11D3-BF4B-00C04F79EFBC}") = "GarciaCore.Infrastructure.ImageResize.Local", "src\GarciaCore.Infrastructure.ImageResize.Local\GarciaCore.Infrastructure.ImageResize.Local.csproj", "{87DE73FC-6B0B-45BA-A6F8-322C46AB6039}"
EndProject
Project("{9A19103F-16F7-4668-BE54-9A1E7A4F7556}") = "GarciaCore.Infrastructure.ElasticSearch", "src\GarciaCore.Infrastructure.Elasticsearch\GarciaCore.Infrastructure.ElasticSearch.csproj", "{1B831CB0-9B0D-4CA5-B5DF-AE91DEA778E2}"
EndProject
Project("{9A19103F-16F7-4668-BE54-9A1E7A4F7556}") = "GarciaCore.Application.ElasticSearch", "src\GarciaCore.Application.ElasticSearch\GarciaCore.Application.ElasticSearch.csproj", "{8BE362A8-A1E9-435F-B5C4-B19A79480EF1}"
EndProject
Project("{FAE04EC0-301F-11D3-BF4B-00C04F79EFBC}") = "GarciaCore.Exceptions.ElasticSearch", "src\GarciaCore.Exceptions.ElasticSearch\GarciaCore.Exceptions.ElasticSearch.csproj", "{421EA5D9-5B04-4230-9B9D-88BC37276897}"
EndProject
Global
	GlobalSection(SolutionConfigurationPlatforms) = preSolution
		Debug|Any CPU = Debug|Any CPU
		Release|Any CPU = Release|Any CPU
	EndGlobalSection
	GlobalSection(ProjectConfigurationPlatforms) = postSolution
		{9C0E97BF-1AD7-4738-A678-4397C7D7164D}.Debug|Any CPU.ActiveCfg = Debug|Any CPU
		{9C0E97BF-1AD7-4738-A678-4397C7D7164D}.Debug|Any CPU.Build.0 = Debug|Any CPU
		{9C0E97BF-1AD7-4738-A678-4397C7D7164D}.Release|Any CPU.ActiveCfg = Release|Any CPU
		{9C0E97BF-1AD7-4738-A678-4397C7D7164D}.Release|Any CPU.Build.0 = Release|Any CPU
		{9D55FE1B-20CF-4579-8747-352CD2E1DBA5}.Debug|Any CPU.ActiveCfg = Debug|Any CPU
		{9D55FE1B-20CF-4579-8747-352CD2E1DBA5}.Debug|Any CPU.Build.0 = Debug|Any CPU
		{9D55FE1B-20CF-4579-8747-352CD2E1DBA5}.Release|Any CPU.ActiveCfg = Release|Any CPU
		{9D55FE1B-20CF-4579-8747-352CD2E1DBA5}.Release|Any CPU.Build.0 = Release|Any CPU
		{BD2F2F1C-9B76-4552-81FB-E441EE142AA9}.Debug|Any CPU.ActiveCfg = Debug|Any CPU
		{BD2F2F1C-9B76-4552-81FB-E441EE142AA9}.Debug|Any CPU.Build.0 = Debug|Any CPU
		{BD2F2F1C-9B76-4552-81FB-E441EE142AA9}.Release|Any CPU.ActiveCfg = Release|Any CPU
		{BD2F2F1C-9B76-4552-81FB-E441EE142AA9}.Release|Any CPU.Build.0 = Release|Any CPU
		{910268B2-274A-4728-ACA6-44327C537703}.Debug|Any CPU.ActiveCfg = Debug|Any CPU
		{910268B2-274A-4728-ACA6-44327C537703}.Debug|Any CPU.Build.0 = Debug|Any CPU
		{910268B2-274A-4728-ACA6-44327C537703}.Release|Any CPU.ActiveCfg = Release|Any CPU
		{910268B2-274A-4728-ACA6-44327C537703}.Release|Any CPU.Build.0 = Release|Any CPU
		{866D0536-6B02-4449-994B-9B0BB9944198}.Debug|Any CPU.ActiveCfg = Debug|Any CPU
		{866D0536-6B02-4449-994B-9B0BB9944198}.Debug|Any CPU.Build.0 = Debug|Any CPU
		{866D0536-6B02-4449-994B-9B0BB9944198}.Release|Any CPU.ActiveCfg = Release|Any CPU
		{866D0536-6B02-4449-994B-9B0BB9944198}.Release|Any CPU.Build.0 = Release|Any CPU
		{5FD5A822-C575-4E18-BFF5-56AE8796A44E}.Debug|Any CPU.ActiveCfg = Debug|Any CPU
		{5FD5A822-C575-4E18-BFF5-56AE8796A44E}.Debug|Any CPU.Build.0 = Debug|Any CPU
		{5FD5A822-C575-4E18-BFF5-56AE8796A44E}.Release|Any CPU.ActiveCfg = Release|Any CPU
		{5FD5A822-C575-4E18-BFF5-56AE8796A44E}.Release|Any CPU.Build.0 = Release|Any CPU
		{9941660D-F8D2-49E0-A1C5-0AC467A51515}.Debug|Any CPU.ActiveCfg = Debug|Any CPU
		{9941660D-F8D2-49E0-A1C5-0AC467A51515}.Debug|Any CPU.Build.0 = Debug|Any CPU
		{9941660D-F8D2-49E0-A1C5-0AC467A51515}.Release|Any CPU.ActiveCfg = Release|Any CPU
		{9941660D-F8D2-49E0-A1C5-0AC467A51515}.Release|Any CPU.Build.0 = Release|Any CPU
		{0F33B788-4300-4B3B-B2C7-5D4F510F3614}.Debug|Any CPU.ActiveCfg = Debug|Any CPU
		{0F33B788-4300-4B3B-B2C7-5D4F510F3614}.Debug|Any CPU.Build.0 = Debug|Any CPU
		{0F33B788-4300-4B3B-B2C7-5D4F510F3614}.Release|Any CPU.ActiveCfg = Release|Any CPU
		{0F33B788-4300-4B3B-B2C7-5D4F510F3614}.Release|Any CPU.Build.0 = Release|Any CPU
		{F98E4397-B2FA-4CD8-9B96-22D50439E2AB}.Debug|Any CPU.ActiveCfg = Debug|Any CPU
		{F98E4397-B2FA-4CD8-9B96-22D50439E2AB}.Debug|Any CPU.Build.0 = Debug|Any CPU
		{F98E4397-B2FA-4CD8-9B96-22D50439E2AB}.Release|Any CPU.ActiveCfg = Release|Any CPU
		{F98E4397-B2FA-4CD8-9B96-22D50439E2AB}.Release|Any CPU.Build.0 = Release|Any CPU
		{36833DDB-306C-4DA7-96FA-10644C8B9F30}.Debug|Any CPU.ActiveCfg = Debug|Any CPU
		{36833DDB-306C-4DA7-96FA-10644C8B9F30}.Debug|Any CPU.Build.0 = Debug|Any CPU
		{36833DDB-306C-4DA7-96FA-10644C8B9F30}.Release|Any CPU.ActiveCfg = Release|Any CPU
		{36833DDB-306C-4DA7-96FA-10644C8B9F30}.Release|Any CPU.Build.0 = Release|Any CPU
		{DF730A51-E80D-4808-9CAA-FD18FA5B478A}.Debug|Any CPU.ActiveCfg = Debug|Any CPU
		{DF730A51-E80D-4808-9CAA-FD18FA5B478A}.Debug|Any CPU.Build.0 = Debug|Any CPU
		{DF730A51-E80D-4808-9CAA-FD18FA5B478A}.Release|Any CPU.ActiveCfg = Release|Any CPU
		{DF730A51-E80D-4808-9CAA-FD18FA5B478A}.Release|Any CPU.Build.0 = Release|Any CPU
		{D78F0971-61CB-409A-9697-3BFC3F6004EF}.Debug|Any CPU.ActiveCfg = Debug|Any CPU
		{D78F0971-61CB-409A-9697-3BFC3F6004EF}.Debug|Any CPU.Build.0 = Debug|Any CPU
		{D78F0971-61CB-409A-9697-3BFC3F6004EF}.Release|Any CPU.ActiveCfg = Release|Any CPU
		{D78F0971-61CB-409A-9697-3BFC3F6004EF}.Release|Any CPU.Build.0 = Release|Any CPU
		{28AE0814-8D74-4AF5-BB63-41C0C533F0F2}.Debug|Any CPU.ActiveCfg = Debug|Any CPU
		{28AE0814-8D74-4AF5-BB63-41C0C533F0F2}.Debug|Any CPU.Build.0 = Debug|Any CPU
		{28AE0814-8D74-4AF5-BB63-41C0C533F0F2}.Release|Any CPU.ActiveCfg = Release|Any CPU
		{28AE0814-8D74-4AF5-BB63-41C0C533F0F2}.Release|Any CPU.Build.0 = Release|Any CPU
		{AA587E43-1BFC-4F4C-9976-1D585986CAC0}.Debug|Any CPU.ActiveCfg = Debug|Any CPU
		{AA587E43-1BFC-4F4C-9976-1D585986CAC0}.Debug|Any CPU.Build.0 = Debug|Any CPU
		{AA587E43-1BFC-4F4C-9976-1D585986CAC0}.Release|Any CPU.ActiveCfg = Release|Any CPU
		{AA587E43-1BFC-4F4C-9976-1D585986CAC0}.Release|Any CPU.Build.0 = Release|Any CPU
		{A37E03B1-D744-43E4-B4C2-E8DC5BD6AF28}.Debug|Any CPU.ActiveCfg = Debug|Any CPU
		{A37E03B1-D744-43E4-B4C2-E8DC5BD6AF28}.Debug|Any CPU.Build.0 = Debug|Any CPU
		{A37E03B1-D744-43E4-B4C2-E8DC5BD6AF28}.Release|Any CPU.ActiveCfg = Release|Any CPU
		{A37E03B1-D744-43E4-B4C2-E8DC5BD6AF28}.Release|Any CPU.Build.0 = Release|Any CPU
		{49D653E1-F0B3-4239-8DF8-B1DD347CEF7D}.Debug|Any CPU.ActiveCfg = Debug|Any CPU
		{49D653E1-F0B3-4239-8DF8-B1DD347CEF7D}.Debug|Any CPU.Build.0 = Debug|Any CPU
		{49D653E1-F0B3-4239-8DF8-B1DD347CEF7D}.Release|Any CPU.ActiveCfg = Release|Any CPU
		{49D653E1-F0B3-4239-8DF8-B1DD347CEF7D}.Release|Any CPU.Build.0 = Release|Any CPU
		{9107FEE0-067B-4C2D-87B5-E64594B430BB}.Debug|Any CPU.ActiveCfg = Debug|Any CPU
		{9107FEE0-067B-4C2D-87B5-E64594B430BB}.Debug|Any CPU.Build.0 = Debug|Any CPU
		{9107FEE0-067B-4C2D-87B5-E64594B430BB}.Release|Any CPU.ActiveCfg = Release|Any CPU
		{9107FEE0-067B-4C2D-87B5-E64594B430BB}.Release|Any CPU.Build.0 = Release|Any CPU
		{B64CFF5F-381C-4D23-A974-8BBDCFCD6428}.Debug|Any CPU.ActiveCfg = Debug|Any CPU
		{B64CFF5F-381C-4D23-A974-8BBDCFCD6428}.Debug|Any CPU.Build.0 = Debug|Any CPU
		{B64CFF5F-381C-4D23-A974-8BBDCFCD6428}.Release|Any CPU.ActiveCfg = Release|Any CPU
		{B64CFF5F-381C-4D23-A974-8BBDCFCD6428}.Release|Any CPU.Build.0 = Release|Any CPU
		{C111646A-0892-471E-BF55-AFC7E81E8A43}.Debug|Any CPU.ActiveCfg = Debug|Any CPU
		{C111646A-0892-471E-BF55-AFC7E81E8A43}.Debug|Any CPU.Build.0 = Debug|Any CPU
		{C111646A-0892-471E-BF55-AFC7E81E8A43}.Release|Any CPU.ActiveCfg = Release|Any CPU
		{C111646A-0892-471E-BF55-AFC7E81E8A43}.Release|Any CPU.Build.0 = Release|Any CPU
		{5EE638E9-AA7A-45CE-B4E5-5E9723C181BE}.Debug|Any CPU.ActiveCfg = Debug|Any CPU
		{5EE638E9-AA7A-45CE-B4E5-5E9723C181BE}.Debug|Any CPU.Build.0 = Debug|Any CPU
		{5EE638E9-AA7A-45CE-B4E5-5E9723C181BE}.Release|Any CPU.ActiveCfg = Release|Any CPU
		{5EE638E9-AA7A-45CE-B4E5-5E9723C181BE}.Release|Any CPU.Build.0 = Release|Any CPU
		{063152EF-E163-4CED-9149-D771D2E704B9}.Debug|Any CPU.ActiveCfg = Debug|Any CPU
		{063152EF-E163-4CED-9149-D771D2E704B9}.Debug|Any CPU.Build.0 = Debug|Any CPU
		{063152EF-E163-4CED-9149-D771D2E704B9}.Release|Any CPU.ActiveCfg = Release|Any CPU
		{063152EF-E163-4CED-9149-D771D2E704B9}.Release|Any CPU.Build.0 = Release|Any CPU
		{A8EDF73D-7FDE-4B19-A69B-EB858A0BF55C}.Debug|Any CPU.ActiveCfg = Debug|Any CPU
		{A8EDF73D-7FDE-4B19-A69B-EB858A0BF55C}.Debug|Any CPU.Build.0 = Debug|Any CPU
		{A8EDF73D-7FDE-4B19-A69B-EB858A0BF55C}.Release|Any CPU.ActiveCfg = Release|Any CPU
		{A8EDF73D-7FDE-4B19-A69B-EB858A0BF55C}.Release|Any CPU.Build.0 = Release|Any CPU
		{F7B9CFE9-8EC8-4E2C-8A5C-D6E1E1F20D37}.Debug|Any CPU.ActiveCfg = Debug|Any CPU
		{F7B9CFE9-8EC8-4E2C-8A5C-D6E1E1F20D37}.Debug|Any CPU.Build.0 = Debug|Any CPU
		{F7B9CFE9-8EC8-4E2C-8A5C-D6E1E1F20D37}.Release|Any CPU.ActiveCfg = Release|Any CPU
		{F7B9CFE9-8EC8-4E2C-8A5C-D6E1E1F20D37}.Release|Any CPU.Build.0 = Release|Any CPU
		{1A8D3C60-4E63-4CD6-8B64-A2E9AF1B97BE}.Debug|Any CPU.ActiveCfg = Debug|Any CPU
		{1A8D3C60-4E63-4CD6-8B64-A2E9AF1B97BE}.Debug|Any CPU.Build.0 = Debug|Any CPU
		{1A8D3C60-4E63-4CD6-8B64-A2E9AF1B97BE}.Release|Any CPU.ActiveCfg = Release|Any CPU
		{1A8D3C60-4E63-4CD6-8B64-A2E9AF1B97BE}.Release|Any CPU.Build.0 = Release|Any CPU
		{D465F0CD-B084-4C9D-AB60-E7B81A442A63}.Debug|Any CPU.ActiveCfg = Debug|Any CPU
		{D465F0CD-B084-4C9D-AB60-E7B81A442A63}.Debug|Any CPU.Build.0 = Debug|Any CPU
		{D465F0CD-B084-4C9D-AB60-E7B81A442A63}.Release|Any CPU.ActiveCfg = Release|Any CPU
		{D465F0CD-B084-4C9D-AB60-E7B81A442A63}.Release|Any CPU.Build.0 = Release|Any CPU
		{390B015B-2CCC-43DB-BA6F-3B8930F2D578}.Debug|Any CPU.ActiveCfg = Debug|Any CPU
		{390B015B-2CCC-43DB-BA6F-3B8930F2D578}.Debug|Any CPU.Build.0 = Debug|Any CPU
		{390B015B-2CCC-43DB-BA6F-3B8930F2D578}.Release|Any CPU.ActiveCfg = Release|Any CPU
		{390B015B-2CCC-43DB-BA6F-3B8930F2D578}.Release|Any CPU.Build.0 = Release|Any CPU
		{E15A7933-73A4-4D77-AC90-3EAE0601A98A}.Debug|Any CPU.ActiveCfg = Debug|Any CPU
		{E15A7933-73A4-4D77-AC90-3EAE0601A98A}.Debug|Any CPU.Build.0 = Debug|Any CPU
		{E15A7933-73A4-4D77-AC90-3EAE0601A98A}.Release|Any CPU.ActiveCfg = Release|Any CPU
		{E15A7933-73A4-4D77-AC90-3EAE0601A98A}.Release|Any CPU.Build.0 = Release|Any CPU
		{835890B7-1DED-4ACE-B413-69736B2BC6D4}.Debug|Any CPU.ActiveCfg = Debug|Any CPU
		{835890B7-1DED-4ACE-B413-69736B2BC6D4}.Debug|Any CPU.Build.0 = Debug|Any CPU
		{835890B7-1DED-4ACE-B413-69736B2BC6D4}.Release|Any CPU.ActiveCfg = Release|Any CPU
		{835890B7-1DED-4ACE-B413-69736B2BC6D4}.Release|Any CPU.Build.0 = Release|Any CPU
		{D1F359B3-2616-40D5-B45F-BBE3E0F4BCAB}.Debug|Any CPU.ActiveCfg = Debug|Any CPU
		{D1F359B3-2616-40D5-B45F-BBE3E0F4BCAB}.Debug|Any CPU.Build.0 = Debug|Any CPU
		{D1F359B3-2616-40D5-B45F-BBE3E0F4BCAB}.Release|Any CPU.ActiveCfg = Release|Any CPU
		{D1F359B3-2616-40D5-B45F-BBE3E0F4BCAB}.Release|Any CPU.Build.0 = Release|Any CPU
		{E531BBCB-5FE0-4CED-8296-5352C082FEFB}.Debug|Any CPU.ActiveCfg = Debug|Any CPU
		{E531BBCB-5FE0-4CED-8296-5352C082FEFB}.Debug|Any CPU.Build.0 = Debug|Any CPU
		{E531BBCB-5FE0-4CED-8296-5352C082FEFB}.Release|Any CPU.ActiveCfg = Release|Any CPU
		{E531BBCB-5FE0-4CED-8296-5352C082FEFB}.Release|Any CPU.Build.0 = Release|Any CPU
		{0CBF4FEB-E09E-4966-B4E4-F64649F80B55}.Debug|Any CPU.ActiveCfg = Debug|Any CPU
		{0CBF4FEB-E09E-4966-B4E4-F64649F80B55}.Debug|Any CPU.Build.0 = Debug|Any CPU
		{0CBF4FEB-E09E-4966-B4E4-F64649F80B55}.Release|Any CPU.ActiveCfg = Release|Any CPU
		{0CBF4FEB-E09E-4966-B4E4-F64649F80B55}.Release|Any CPU.Build.0 = Release|Any CPU
		{59B33B20-B995-47B6-8129-340EA602DE8C}.Debug|Any CPU.ActiveCfg = Debug|Any CPU
		{59B33B20-B995-47B6-8129-340EA602DE8C}.Debug|Any CPU.Build.0 = Debug|Any CPU
		{59B33B20-B995-47B6-8129-340EA602DE8C}.Release|Any CPU.ActiveCfg = Release|Any CPU
		{59B33B20-B995-47B6-8129-340EA602DE8C}.Release|Any CPU.Build.0 = Release|Any CPU
		{87438282-6333-40CF-A98F-7EB29DB04452}.Debug|Any CPU.ActiveCfg = Debug|Any CPU
		{87438282-6333-40CF-A98F-7EB29DB04452}.Debug|Any CPU.Build.0 = Debug|Any CPU
		{87438282-6333-40CF-A98F-7EB29DB04452}.Release|Any CPU.ActiveCfg = Release|Any CPU
		{87438282-6333-40CF-A98F-7EB29DB04452}.Release|Any CPU.Build.0 = Release|Any CPU
		{22F46715-48CC-4340-B80B-2EE8CA0BB998}.Debug|Any CPU.ActiveCfg = Debug|Any CPU
		{22F46715-48CC-4340-B80B-2EE8CA0BB998}.Debug|Any CPU.Build.0 = Debug|Any CPU
		{22F46715-48CC-4340-B80B-2EE8CA0BB998}.Release|Any CPU.ActiveCfg = Release|Any CPU
		{22F46715-48CC-4340-B80B-2EE8CA0BB998}.Release|Any CPU.Build.0 = Release|Any CPU
		{E689D7EB-4EFE-4F60-9AD0-B92609D66003}.Debug|Any CPU.ActiveCfg = Debug|Any CPU
		{E689D7EB-4EFE-4F60-9AD0-B92609D66003}.Debug|Any CPU.Build.0 = Debug|Any CPU
		{E689D7EB-4EFE-4F60-9AD0-B92609D66003}.Release|Any CPU.ActiveCfg = Release|Any CPU
		{E689D7EB-4EFE-4F60-9AD0-B92609D66003}.Release|Any CPU.Build.0 = Release|Any CPU
		{0B812A3D-8BF7-40F4-B49C-AA4A4C16D5B3}.Debug|Any CPU.ActiveCfg = Debug|Any CPU
		{0B812A3D-8BF7-40F4-B49C-AA4A4C16D5B3}.Debug|Any CPU.Build.0 = Debug|Any CPU
		{0B812A3D-8BF7-40F4-B49C-AA4A4C16D5B3}.Release|Any CPU.ActiveCfg = Release|Any CPU
		{0B812A3D-8BF7-40F4-B49C-AA4A4C16D5B3}.Release|Any CPU.Build.0 = Release|Any CPU
		{3704E7E6-C2DC-4BA9-A1C0-4EE3F0802EDC}.Debug|Any CPU.ActiveCfg = Debug|Any CPU
		{3704E7E6-C2DC-4BA9-A1C0-4EE3F0802EDC}.Debug|Any CPU.Build.0 = Debug|Any CPU
		{3704E7E6-C2DC-4BA9-A1C0-4EE3F0802EDC}.Release|Any CPU.ActiveCfg = Release|Any CPU
		{3704E7E6-C2DC-4BA9-A1C0-4EE3F0802EDC}.Release|Any CPU.Build.0 = Release|Any CPU
		{CB237DED-1E40-4FFE-AD84-7C35AEB24E5E}.Debug|Any CPU.ActiveCfg = Debug|Any CPU
		{CB237DED-1E40-4FFE-AD84-7C35AEB24E5E}.Debug|Any CPU.Build.0 = Debug|Any CPU
		{CB237DED-1E40-4FFE-AD84-7C35AEB24E5E}.Release|Any CPU.ActiveCfg = Release|Any CPU
		{CB237DED-1E40-4FFE-AD84-7C35AEB24E5E}.Release|Any CPU.Build.0 = Release|Any CPU
		{87DE73FC-6B0B-45BA-A6F8-322C46AB6039}.Debug|Any CPU.ActiveCfg = Debug|Any CPU
		{87DE73FC-6B0B-45BA-A6F8-322C46AB6039}.Debug|Any CPU.Build.0 = Debug|Any CPU
		{87DE73FC-6B0B-45BA-A6F8-322C46AB6039}.Release|Any CPU.ActiveCfg = Release|Any CPU
		{87DE73FC-6B0B-45BA-A6F8-322C46AB6039}.Release|Any CPU.Build.0 = Release|Any CPU
		{1B831CB0-9B0D-4CA5-B5DF-AE91DEA778E2}.Debug|Any CPU.ActiveCfg = Debug|Any CPU
		{1B831CB0-9B0D-4CA5-B5DF-AE91DEA778E2}.Debug|Any CPU.Build.0 = Debug|Any CPU
		{1B831CB0-9B0D-4CA5-B5DF-AE91DEA778E2}.Release|Any CPU.ActiveCfg = Release|Any CPU
		{1B831CB0-9B0D-4CA5-B5DF-AE91DEA778E2}.Release|Any CPU.Build.0 = Release|Any CPU
		{8BE362A8-A1E9-435F-B5C4-B19A79480EF1}.Debug|Any CPU.ActiveCfg = Debug|Any CPU
		{8BE362A8-A1E9-435F-B5C4-B19A79480EF1}.Debug|Any CPU.Build.0 = Debug|Any CPU
		{8BE362A8-A1E9-435F-B5C4-B19A79480EF1}.Release|Any CPU.ActiveCfg = Release|Any CPU
		{8BE362A8-A1E9-435F-B5C4-B19A79480EF1}.Release|Any CPU.Build.0 = Release|Any CPU
		{421EA5D9-5B04-4230-9B9D-88BC37276897}.Debug|Any CPU.ActiveCfg = Debug|Any CPU
		{421EA5D9-5B04-4230-9B9D-88BC37276897}.Debug|Any CPU.Build.0 = Debug|Any CPU
		{421EA5D9-5B04-4230-9B9D-88BC37276897}.Release|Any CPU.ActiveCfg = Release|Any CPU
		{421EA5D9-5B04-4230-9B9D-88BC37276897}.Release|Any CPU.Build.0 = Release|Any CPU
	EndGlobalSection
	GlobalSection(SolutionProperties) = preSolution
		HideSolutionNode = FALSE
	EndGlobalSection
	GlobalSection(NestedProjects) = preSolution
		{9C0E97BF-1AD7-4738-A678-4397C7D7164D} = {087C542F-855C-47ED-96C8-9D088E416ED2}
		{9D55FE1B-20CF-4579-8747-352CD2E1DBA5} = {087C542F-855C-47ED-96C8-9D088E416ED2}
		{BD2F2F1C-9B76-4552-81FB-E441EE142AA9} = {087C542F-855C-47ED-96C8-9D088E416ED2}
		{910268B2-274A-4728-ACA6-44327C537703} = {087C542F-855C-47ED-96C8-9D088E416ED2}
		{866D0536-6B02-4449-994B-9B0BB9944198} = {087C542F-855C-47ED-96C8-9D088E416ED2}
		{5FD5A822-C575-4E18-BFF5-56AE8796A44E} = {087C542F-855C-47ED-96C8-9D088E416ED2}
		{9941660D-F8D2-49E0-A1C5-0AC467A51515} = {D9DB56ED-BA04-4098-ADFC-63415E4E6C4E}
		{0F33B788-4300-4B3B-B2C7-5D4F510F3614} = {087C542F-855C-47ED-96C8-9D088E416ED2}
		{F98E4397-B2FA-4CD8-9B96-22D50439E2AB} = {087C542F-855C-47ED-96C8-9D088E416ED2}
		{36833DDB-306C-4DA7-96FA-10644C8B9F30} = {087C542F-855C-47ED-96C8-9D088E416ED2}
		{DF730A51-E80D-4808-9CAA-FD18FA5B478A} = {087C542F-855C-47ED-96C8-9D088E416ED2}
		{D78F0971-61CB-409A-9697-3BFC3F6004EF} = {087C542F-855C-47ED-96C8-9D088E416ED2}
		{28AE0814-8D74-4AF5-BB63-41C0C533F0F2} = {087C542F-855C-47ED-96C8-9D088E416ED2}
		{AA587E43-1BFC-4F4C-9976-1D585986CAC0} = {087C542F-855C-47ED-96C8-9D088E416ED2}
		{A37E03B1-D744-43E4-B4C2-E8DC5BD6AF28} = {087C542F-855C-47ED-96C8-9D088E416ED2}
		{49D653E1-F0B3-4239-8DF8-B1DD347CEF7D} = {087C542F-855C-47ED-96C8-9D088E416ED2}
		{9107FEE0-067B-4C2D-87B5-E64594B430BB} = {087C542F-855C-47ED-96C8-9D088E416ED2}
		{B64CFF5F-381C-4D23-A974-8BBDCFCD6428} = {D9DB56ED-BA04-4098-ADFC-63415E4E6C4E}
		{C111646A-0892-471E-BF55-AFC7E81E8A43} = {087C542F-855C-47ED-96C8-9D088E416ED2}
		{5EE638E9-AA7A-45CE-B4E5-5E9723C181BE} = {087C542F-855C-47ED-96C8-9D088E416ED2}
		{063152EF-E163-4CED-9149-D771D2E704B9} = {D9DB56ED-BA04-4098-ADFC-63415E4E6C4E}
		{A8EDF73D-7FDE-4B19-A69B-EB858A0BF55C} = {087C542F-855C-47ED-96C8-9D088E416ED2}
		{F7B9CFE9-8EC8-4E2C-8A5C-D6E1E1F20D37} = {087C542F-855C-47ED-96C8-9D088E416ED2}
		{1A8D3C60-4E63-4CD6-8B64-A2E9AF1B97BE} = {087C542F-855C-47ED-96C8-9D088E416ED2}
		{0E922C1D-C0D6-4FCC-B5DE-1BA1AF5F0DA6} = {D9DB56ED-BA04-4098-ADFC-63415E4E6C4E}
		{D465F0CD-B084-4C9D-AB60-E7B81A442A63} = {0E922C1D-C0D6-4FCC-B5DE-1BA1AF5F0DA6}
		{390B015B-2CCC-43DB-BA6F-3B8930F2D578} = {0E922C1D-C0D6-4FCC-B5DE-1BA1AF5F0DA6}
		{E15A7933-73A4-4D77-AC90-3EAE0601A98A} = {087C542F-855C-47ED-96C8-9D088E416ED2}
		{835890B7-1DED-4ACE-B413-69736B2BC6D4} = {0E922C1D-C0D6-4FCC-B5DE-1BA1AF5F0DA6}
		{D1F359B3-2616-40D5-B45F-BBE3E0F4BCAB} = {087C542F-855C-47ED-96C8-9D088E416ED2}
		{E531BBCB-5FE0-4CED-8296-5352C082FEFB} = {087C542F-855C-47ED-96C8-9D088E416ED2}
		{0CBF4FEB-E09E-4966-B4E4-F64649F80B55} = {087C542F-855C-47ED-96C8-9D088E416ED2}
		{59B33B20-B995-47B6-8129-340EA602DE8C} = {087C542F-855C-47ED-96C8-9D088E416ED2}
		{87438282-6333-40CF-A98F-7EB29DB04452} = {D9DB56ED-BA04-4098-ADFC-63415E4E6C4E}
		{22F46715-48CC-4340-B80B-2EE8CA0BB998} = {087C542F-855C-47ED-96C8-9D088E416ED2}
		{E689D7EB-4EFE-4F60-9AD0-B92609D66003} = {087C542F-855C-47ED-96C8-9D088E416ED2}
		{0B812A3D-8BF7-40F4-B49C-AA4A4C16D5B3} = {087C542F-855C-47ED-96C8-9D088E416ED2}
		{3704E7E6-C2DC-4BA9-A1C0-4EE3F0802EDC} = {087C542F-855C-47ED-96C8-9D088E416ED2}
		{CB237DED-1E40-4FFE-AD84-7C35AEB24E5E} = {087C542F-855C-47ED-96C8-9D088E416ED2}
		{1B831CB0-9B0D-4CA5-B5DF-AE91DEA778E2} = {087C542F-855C-47ED-96C8-9D088E416ED2}
		{8BE362A8-A1E9-435F-B5C4-B19A79480EF1} = {087C542F-855C-47ED-96C8-9D088E416ED2}
		{421EA5D9-5B04-4230-9B9D-88BC37276897} = {087C542F-855C-47ED-96C8-9D088E416ED2}
	EndGlobalSection
	GlobalSection(ExtensibilityGlobals) = postSolution
		SolutionGuid = {3255BD7C-849F-4F0F-B86D-5A266B1F50B6}
	EndGlobalSection
EndGlobal
