
Microsoft Visual Studio Solution File, Format Version 12.00
# Visual Studio Version 17
VisualStudioVersion = 17.0.32112.339
MinimumVisualStudioVersion = 10.0.40219.1
Project("{9A19103F-16F7-4668-BE54-9A1E7A4F7556}") = "GarciaCore.Persistence.ORM", "src\GarciaCore.Persistence.ORM\GarciaCore.Persistence.ORM.csproj", "{9C0E97BF-1AD7-4738-A678-4397C7D7164D}"
EndProject
Project("{9A19103F-16F7-4668-BE54-9A1E7A4F7556}") = "GarciaCore.Infrastructure", "src\GarciaCore.Infrastructure\GarciaCore.Infrastructure.csproj", "{9D55FE1B-20CF-4579-8747-352CD2E1DBA5}"
EndProject
Project("{9A19103F-16F7-4668-BE54-9A1E7A4F7556}") = "GarciaCore.Domain", "src\GarciaCore.Domain\GarciaCore.Domain.csproj", "{BD2F2F1C-9B76-4552-81FB-E441EE142AA9}"
EndProject
Project("{9A19103F-16F7-4668-BE54-9A1E7A4F7556}") = "GarciaCore.Persistence", "src\GarciaCore.Persistence\GarciaCore.Persistence.csproj", "{910268B2-274A-4728-ACA6-44327C537703}"
EndProject
Project("{9A19103F-16F7-4668-BE54-9A1E7A4F7556}") = "GarciaCore.Persistence.EntityFramework", "src\GarciaCore.Persistence.EntityFramework\GarciaCore.Persistence.EntityFramework.csproj", "{866D0536-6B02-4449-994B-9B0BB9944198}"
EndProject
Project("{9A19103F-16F7-4668-BE54-9A1E7A4F7556}") = "GarciaCore.Cli", "src\GarciaCore.Cli\GarciaCore.Cli.csproj", "{5FD5A822-C575-4E18-BFF5-56AE8796A44E}"
EndProject
Project("{9A19103F-16F7-4668-BE54-9A1E7A4F7556}") = "GarciaCore.Persistence.Tests", "tests\GarciaCore.Persistence.Tests\GarciaCore.Persistence.Tests.csproj", "{9941660D-F8D2-49E0-A1C5-0AC467A51515}"
EndProject
Project("{9A19103F-16F7-4668-BE54-9A1E7A4F7556}") = "GarciaCore.Application", "src\GarciaCore.Application\GarciaCore.Application.csproj", "{0F33B788-4300-4B3B-B2C7-5D4F510F3614}"
EndProject
Project("{9A19103F-16F7-4668-BE54-9A1E7A4F7556}") = "GarciaCore.CodeGenerator", "src\GarciaCore.CodeGenerator\GarciaCore.CodeGenerator.csproj", "{F98E4397-B2FA-4CD8-9B96-22D50439E2AB}"
EndProject
Project("{9A19103F-16F7-4668-BE54-9A1E7A4F7556}") = "GarciaCore", "src\GarciaCore\GarciaCore.csproj", "{36833DDB-306C-4DA7-96FA-10644C8B9F30}"
EndProject
Project("{9A19103F-16F7-4668-BE54-9A1E7A4F7556}") = "GarciaCore.Infrastructure.Api", "src\GarciaCore.Infrastructure.Api\GarciaCore.Infrastructure.Api.csproj", "{DF730A51-E80D-4808-9CAA-FD18FA5B478A}"
EndProject
Project("{9A19103F-16F7-4668-BE54-9A1E7A4F7556}") = "GarciaCore.Domain.MongoDb", "src\GarciaCore.Domain.MongoDb\GarciaCore.Domain.MongoDb.csproj", "{D78F0971-61CB-409A-9697-3BFC3F6004EF}"
EndProject
Project("{9A19103F-16F7-4668-BE54-9A1E7A4F7556}") = "GarciaCore.Persistence.MongoDb", "src\GarciaCore.Persistence.MongoDb\GarciaCore.Persistence.MongoDb.csproj", "{28AE0814-8D74-4AF5-BB63-41C0C533F0F2}"
EndProject
Project("{9A19103F-16F7-4668-BE54-9A1E7A4F7556}") = "GarciaCore.Infrastructure.MongoDb", "src\GarciaCore.Infrastructure.MongoDb\GarciaCore.Infrastructure.MongoDb.csproj", "{AA587E43-1BFC-4F4C-9976-1D585986CAC0}"
EndProject
Project("{9A19103F-16F7-4668-BE54-9A1E7A4F7556}") = "GarciaCore.Infrastructure.Redis", "src\GarciaCore.Infrastructure.Redis\GarciaCore.Infrastructure.Redis.csproj", "{A37E03B1-D744-43E4-B4C2-E8DC5BD6AF28}"
EndProject
Project("{9A19103F-16F7-4668-BE54-9A1E7A4F7556}") = "GarciaCore.Persistence.Redis", "src\GarciaCore.Persistence.Redis\GarciaCore.Persistence.Redis.csproj", "{49D653E1-F0B3-4239-8DF8-B1DD347CEF7D}"
EndProject
Project("{9A19103F-16F7-4668-BE54-9A1E7A4F7556}") = "GarciaCore.Exceptions.Redis", "src\GarciaCore.Exceptions.Redis\GarciaCore.Exceptions.Redis.csproj", "{9107FEE0-067B-4C2D-87B5-E64594B430BB}"
EndProject
Project("{9A19103F-16F7-4668-BE54-9A1E7A4F7556}") = "GarciaCore.Infrastructure.Tests", "tests\GarciaCore.Infrastructure.Tests\GarciaCore.Infrastructure.Tests.csproj", "{B64CFF5F-381C-4D23-A974-8BBDCFCD6428}"
EndProject
Project("{9A19103F-16F7-4668-BE54-9A1E7A4F7556}") = "GarciaCore.Application.MongoDb", "src\GarciaCore.Application.MongoDb\GarciaCore.Application.MongoDb.csproj", "{C111646A-0892-471E-BF55-AFC7E81E8A43}"
EndProject
Project("{9A19103F-16F7-4668-BE54-9A1E7A4F7556}") = "GarciaCore.Application.Redis", "src\GarciaCore.Application.Redis\GarciaCore.Application.Redis.csproj", "{5EE638E9-AA7A-45CE-B4E5-5E9723C181BE}"
EndProject
Project("{FAE04EC0-301F-11D3-BF4B-00C04F79EFBC}") = "GarciaCore.CodeGenerator.Tests", "tests\GarciaCore.CodeGenerator.Tests\GarciaCore.CodeGenerator.Tests.csproj", "{063152EF-E163-4CED-9149-D771D2E704B9}"
EndProject
Global
	GlobalSection(SolutionConfigurationPlatforms) = preSolution
		Debug|Any CPU = Debug|Any CPU
		Release|Any CPU = Release|Any CPU
	EndGlobalSection
	GlobalSection(ProjectConfigurationPlatforms) = postSolution
		{9C0E97BF-1AD7-4738-A678-4397C7D7164D}.Debug|Any CPU.ActiveCfg = Debug|Any CPU
		{9C0E97BF-1AD7-4738-A678-4397C7D7164D}.Debug|Any CPU.Build.0 = Debug|Any CPU
		{9C0E97BF-1AD7-4738-A678-4397C7D7164D}.Release|Any CPU.ActiveCfg = Release|Any CPU
		{9C0E97BF-1AD7-4738-A678-4397C7D7164D}.Release|Any CPU.Build.0 = Release|Any CPU
		{9D55FE1B-20CF-4579-8747-352CD2E1DBA5}.Debug|Any CPU.ActiveCfg = Debug|Any CPU
		{9D55FE1B-20CF-4579-8747-352CD2E1DBA5}.Debug|Any CPU.Build.0 = Debug|Any CPU
		{9D55FE1B-20CF-4579-8747-352CD2E1DBA5}.Release|Any CPU.ActiveCfg = Release|Any CPU
		{9D55FE1B-20CF-4579-8747-352CD2E1DBA5}.Release|Any CPU.Build.0 = Release|Any CPU
		{BD2F2F1C-9B76-4552-81FB-E441EE142AA9}.Debug|Any CPU.ActiveCfg = Debug|Any CPU
		{BD2F2F1C-9B76-4552-81FB-E441EE142AA9}.Debug|Any CPU.Build.0 = Debug|Any CPU
		{BD2F2F1C-9B76-4552-81FB-E441EE142AA9}.Release|Any CPU.ActiveCfg = Release|Any CPU
		{BD2F2F1C-9B76-4552-81FB-E441EE142AA9}.Release|Any CPU.Build.0 = Release|Any CPU
		{910268B2-274A-4728-ACA6-44327C537703}.Debug|Any CPU.ActiveCfg = Debug|Any CPU
		{910268B2-274A-4728-ACA6-44327C537703}.Debug|Any CPU.Build.0 = Debug|Any CPU
		{910268B2-274A-4728-ACA6-44327C537703}.Release|Any CPU.ActiveCfg = Release|Any CPU
		{910268B2-274A-4728-ACA6-44327C537703}.Release|Any CPU.Build.0 = Release|Any CPU
		{866D0536-6B02-4449-994B-9B0BB9944198}.Debug|Any CPU.ActiveCfg = Debug|Any CPU
		{866D0536-6B02-4449-994B-9B0BB9944198}.Debug|Any CPU.Build.0 = Debug|Any CPU
		{866D0536-6B02-4449-994B-9B0BB9944198}.Release|Any CPU.ActiveCfg = Release|Any CPU
		{866D0536-6B02-4449-994B-9B0BB9944198}.Release|Any CPU.Build.0 = Release|Any CPU
		{5FD5A822-C575-4E18-BFF5-56AE8796A44E}.Debug|Any CPU.ActiveCfg = Debug|Any CPU
		{5FD5A822-C575-4E18-BFF5-56AE8796A44E}.Debug|Any CPU.Build.0 = Debug|Any CPU
		{5FD5A822-C575-4E18-BFF5-56AE8796A44E}.Release|Any CPU.ActiveCfg = Release|Any CPU
		{5FD5A822-C575-4E18-BFF5-56AE8796A44E}.Release|Any CPU.Build.0 = Release|Any CPU
		{9941660D-F8D2-49E0-A1C5-0AC467A51515}.Debug|Any CPU.ActiveCfg = Debug|Any CPU
		{9941660D-F8D2-49E0-A1C5-0AC467A51515}.Debug|Any CPU.Build.0 = Debug|Any CPU
		{9941660D-F8D2-49E0-A1C5-0AC467A51515}.Release|Any CPU.ActiveCfg = Release|Any CPU
		{9941660D-F8D2-49E0-A1C5-0AC467A51515}.Release|Any CPU.Build.0 = Release|Any CPU
		{0F33B788-4300-4B3B-B2C7-5D4F510F3614}.Debug|Any CPU.ActiveCfg = Debug|Any CPU
		{0F33B788-4300-4B3B-B2C7-5D4F510F3614}.Debug|Any CPU.Build.0 = Debug|Any CPU
		{0F33B788-4300-4B3B-B2C7-5D4F510F3614}.Release|Any CPU.ActiveCfg = Release|Any CPU
		{0F33B788-4300-4B3B-B2C7-5D4F510F3614}.Release|Any CPU.Build.0 = Release|Any CPU
		{F98E4397-B2FA-4CD8-9B96-22D50439E2AB}.Debug|Any CPU.ActiveCfg = Debug|Any CPU
		{F98E4397-B2FA-4CD8-9B96-22D50439E2AB}.Debug|Any CPU.Build.0 = Debug|Any CPU
		{F98E4397-B2FA-4CD8-9B96-22D50439E2AB}.Release|Any CPU.ActiveCfg = Release|Any CPU
		{F98E4397-B2FA-4CD8-9B96-22D50439E2AB}.Release|Any CPU.Build.0 = Release|Any CPU
		{36833DDB-306C-4DA7-96FA-10644C8B9F30}.Debug|Any CPU.ActiveCfg = Debug|Any CPU
		{36833DDB-306C-4DA7-96FA-10644C8B9F30}.Debug|Any CPU.Build.0 = Debug|Any CPU
		{36833DDB-306C-4DA7-96FA-10644C8B9F30}.Release|Any CPU.ActiveCfg = Release|Any CPU
		{36833DDB-306C-4DA7-96FA-10644C8B9F30}.Release|Any CPU.Build.0 = Release|Any CPU
		{DF730A51-E80D-4808-9CAA-FD18FA5B478A}.Debug|Any CPU.ActiveCfg = Debug|Any CPU
		{DF730A51-E80D-4808-9CAA-FD18FA5B478A}.Debug|Any CPU.Build.0 = Debug|Any CPU
		{DF730A51-E80D-4808-9CAA-FD18FA5B478A}.Release|Any CPU.ActiveCfg = Release|Any CPU
		{DF730A51-E80D-4808-9CAA-FD18FA5B478A}.Release|Any CPU.Build.0 = Release|Any CPU
		{D78F0971-61CB-409A-9697-3BFC3F6004EF}.Debug|Any CPU.ActiveCfg = Debug|Any CPU
		{D78F0971-61CB-409A-9697-3BFC3F6004EF}.Debug|Any CPU.Build.0 = Debug|Any CPU
		{D78F0971-61CB-409A-9697-3BFC3F6004EF}.Release|Any CPU.ActiveCfg = Release|Any CPU
		{D78F0971-61CB-409A-9697-3BFC3F6004EF}.Release|Any CPU.Build.0 = Release|Any CPU
		{28AE0814-8D74-4AF5-BB63-41C0C533F0F2}.Debug|Any CPU.ActiveCfg = Debug|Any CPU
		{28AE0814-8D74-4AF5-BB63-41C0C533F0F2}.Debug|Any CPU.Build.0 = Debug|Any CPU
		{28AE0814-8D74-4AF5-BB63-41C0C533F0F2}.Release|Any CPU.ActiveCfg = Release|Any CPU
		{28AE0814-8D74-4AF5-BB63-41C0C533F0F2}.Release|Any CPU.Build.0 = Release|Any CPU
		{AA587E43-1BFC-4F4C-9976-1D585986CAC0}.Debug|Any CPU.ActiveCfg = Debug|Any CPU
		{AA587E43-1BFC-4F4C-9976-1D585986CAC0}.Debug|Any CPU.Build.0 = Debug|Any CPU
		{AA587E43-1BFC-4F4C-9976-1D585986CAC0}.Release|Any CPU.ActiveCfg = Release|Any CPU
		{AA587E43-1BFC-4F4C-9976-1D585986CAC0}.Release|Any CPU.Build.0 = Release|Any CPU
		{A37E03B1-D744-43E4-B4C2-E8DC5BD6AF28}.Debug|Any CPU.ActiveCfg = Debug|Any CPU
		{A37E03B1-D744-43E4-B4C2-E8DC5BD6AF28}.Debug|Any CPU.Build.0 = Debug|Any CPU
		{A37E03B1-D744-43E4-B4C2-E8DC5BD6AF28}.Release|Any CPU.ActiveCfg = Release|Any CPU
		{A37E03B1-D744-43E4-B4C2-E8DC5BD6AF28}.Release|Any CPU.Build.0 = Release|Any CPU
		{49D653E1-F0B3-4239-8DF8-B1DD347CEF7D}.Debug|Any CPU.ActiveCfg = Debug|Any CPU
		{49D653E1-F0B3-4239-8DF8-B1DD347CEF7D}.Debug|Any CPU.Build.0 = Debug|Any CPU
		{49D653E1-F0B3-4239-8DF8-B1DD347CEF7D}.Release|Any CPU.ActiveCfg = Release|Any CPU
		{49D653E1-F0B3-4239-8DF8-B1DD347CEF7D}.Release|Any CPU.Build.0 = Release|Any CPU
		{9107FEE0-067B-4C2D-87B5-E64594B430BB}.Debug|Any CPU.ActiveCfg = Debug|Any CPU
		{9107FEE0-067B-4C2D-87B5-E64594B430BB}.Debug|Any CPU.Build.0 = Debug|Any CPU
		{9107FEE0-067B-4C2D-87B5-E64594B430BB}.Release|Any CPU.ActiveCfg = Release|Any CPU
		{9107FEE0-067B-4C2D-87B5-E64594B430BB}.Release|Any CPU.Build.0 = Release|Any CPU
		{B64CFF5F-381C-4D23-A974-8BBDCFCD6428}.Debug|Any CPU.ActiveCfg = Debug|Any CPU
		{B64CFF5F-381C-4D23-A974-8BBDCFCD6428}.Debug|Any CPU.Build.0 = Debug|Any CPU
		{B64CFF5F-381C-4D23-A974-8BBDCFCD6428}.Release|Any CPU.ActiveCfg = Release|Any CPU
		{B64CFF5F-381C-4D23-A974-8BBDCFCD6428}.Release|Any CPU.Build.0 = Release|Any CPU
		{C111646A-0892-471E-BF55-AFC7E81E8A43}.Debug|Any CPU.ActiveCfg = Debug|Any CPU
		{C111646A-0892-471E-BF55-AFC7E81E8A43}.Debug|Any CPU.Build.0 = Debug|Any CPU
		{C111646A-0892-471E-BF55-AFC7E81E8A43}.Release|Any CPU.ActiveCfg = Release|Any CPU
		{C111646A-0892-471E-BF55-AFC7E81E8A43}.Release|Any CPU.Build.0 = Release|Any CPU
		{5EE638E9-AA7A-45CE-B4E5-5E9723C181BE}.Debug|Any CPU.ActiveCfg = Debug|Any CPU
		{5EE638E9-AA7A-45CE-B4E5-5E9723C181BE}.Debug|Any CPU.Build.0 = Debug|Any CPU
		{5EE638E9-AA7A-45CE-B4E5-5E9723C181BE}.Release|Any CPU.ActiveCfg = Release|Any CPU
		{5EE638E9-AA7A-45CE-B4E5-5E9723C181BE}.Release|Any CPU.Build.0 = Release|Any CPU
		{063152EF-E163-4CED-9149-D771D2E704B9}.Debug|Any CPU.ActiveCfg = Debug|Any CPU
		{063152EF-E163-4CED-9149-D771D2E704B9}.Debug|Any CPU.Build.0 = Debug|Any CPU
		{063152EF-E163-4CED-9149-D771D2E704B9}.Release|Any CPU.ActiveCfg = Release|Any CPU
		{063152EF-E163-4CED-9149-D771D2E704B9}.Release|Any CPU.Build.0 = Release|Any CPU
	EndGlobalSection
	GlobalSection(SolutionProperties) = preSolution
		HideSolutionNode = FALSE
	EndGlobalSection
	GlobalSection(ExtensibilityGlobals) = postSolution
		SolutionGuid = {3255BD7C-849F-4F0F-B86D-5A266B1F50B6}
	EndGlobalSection
EndGlobal
